
Microsoft Visual Studio Solution File, Format Version 12.00
# Visual Studio Version 17
VisualStudioVersion = 17.10.35027.167
MinimumVisualStudioVersion = 10.0.40219.1
Project("{FAE04EC0-301F-11D3-BF4B-00C04F79EFBC}") = "thuexe", "thuexe\thuexe.csproj", "{71F89CCB-B0D1-45A0-A661-70DB842196E4}"
EndProject
Global
	GlobalSection(SolutionConfigurationPlatforms) = preSolution
		Debug|Any CPU = Debug|Any CPU
		Release|Any CPU = Release|Any CPU
	EndGlobalSection
	GlobalSection(ProjectConfigurationPlatforms) = postSolution
		{71F89CCB-B0D1-45A0-A661-70DB842196E4}.Debug|Any CPU.ActiveCfg = Debug|Any CPU
		{71F89CCB-B0D1-45A0-A661-70DB842196E4}.Debug|Any CPU.Build.0 = Debug|Any CPU
		{71F89CCB-B0D1-45A0-A661-70DB842196E4}.Release|Any CPU.ActiveCfg = Release|Any CPU
		{71F89CCB-B0D1-45A0-A661-70DB842196E4}.Release|Any CPU.Build.0 = Release|Any CPU
	EndGlobalSection
	GlobalSection(SolutionProperties) = preSolution
		HideSolutionNode = FALSE
	EndGlobalSection
	GlobalSection(ExtensibilityGlobals) = postSolution
		SolutionGuid = {2F04A19D-56C5-4579-950A-1CAC48A87652}
	EndGlobalSection
EndGlobal
